
Microsoft Visual Studio Solution File, Format Version 12.00
# Visual Studio Version 16
VisualStudioVersion = 16.0.32126.315
MinimumVisualStudioVersion = 10.0.40219.1
Project("{FAE04EC0-301F-11D3-BF4B-00C04F79EFBC}") = "whiteboard01", "whiteboard01\whiteboard01.csproj", "{CC54DF1F-6240-4489-BBA5-7BAABABAF6F2}"
EndProject
Global
	GlobalSection(SolutionConfigurationPlatforms) = preSolution
		Debug|Any CPU = Debug|Any CPU
		Release|Any CPU = Release|Any CPU
	EndGlobalSection
	GlobalSection(ProjectConfigurationPlatforms) = postSolution
		{CC54DF1F-6240-4489-BBA5-7BAABABAF6F2}.Debug|Any CPU.ActiveCfg = Debug|Any CPU
		{CC54DF1F-6240-4489-BBA5-7BAABABAF6F2}.Debug|Any CPU.Build.0 = Debug|Any CPU
		{CC54DF1F-6240-4489-BBA5-7BAABABAF6F2}.Release|Any CPU.ActiveCfg = Release|Any CPU
		{CC54DF1F-6240-4489-BBA5-7BAABABAF6F2}.Release|Any CPU.Build.0 = Release|Any CPU
	EndGlobalSection
	GlobalSection(SolutionProperties) = preSolution
		HideSolutionNode = FALSE
	EndGlobalSection
	GlobalSection(ExtensibilityGlobals) = postSolution
		SolutionGuid = {0CE03416-C0CB-41CB-B5A7-F9C56FD8F6FE}
	EndGlobalSection
EndGlobal
